
Microsoft Visual Studio Solution File, Format Version 12.00
# Visual Studio Version 17
VisualStudioVersion = 17.6.33829.357
MinimumVisualStudioVersion = 10.0.40219.1
Project("{FAE04EC0-301F-11D3-BF4B-00C04F79EFBC}") = "StockManagementAPI", "StockManagementAPI\StockManagementAPI.csproj", "{9B49645A-96C9-4EAF-92AC-25D817E4E501}"
EndProject
Global
	GlobalSection(SolutionConfigurationPlatforms) = preSolution
		Debug|Any CPU = Debug|Any CPU
		Release|Any CPU = Release|Any CPU
	EndGlobalSection
	GlobalSection(ProjectConfigurationPlatforms) = postSolution
		{9B49645A-96C9-4EAF-92AC-25D817E4E501}.Debug|Any CPU.ActiveCfg = Debug|Any CPU
		{9B49645A-96C9-4EAF-92AC-25D817E4E501}.Debug|Any CPU.Build.0 = Debug|Any CPU
		{9B49645A-96C9-4EAF-92AC-25D817E4E501}.Release|Any CPU.ActiveCfg = Release|Any CPU
		{9B49645A-96C9-4EAF-92AC-25D817E4E501}.Release|Any CPU.Build.0 = Release|Any CPU
	EndGlobalSection
	GlobalSection(SolutionProperties) = preSolution
		HideSolutionNode = FALSE
	EndGlobalSection
	GlobalSection(ExtensibilityGlobals) = postSolution
		SolutionGuid = {A857E9CE-31C1-4B15-A35F-2DB9D73B6C28}
	EndGlobalSection
EndGlobal
